
Microsoft Visual Studio Solution File, Format Version 12.00
# Visual Studio Version 17
VisualStudioVersion = 17.2.32519.379
MinimumVisualStudioVersion = 10.0.40219.1
Project("{FAE04EC0-301F-11D3-BF4B-00C04F79EFBC}") = "Builder", "Builder\Builder.csproj", "{49FCF3FB-E5A1-4305-AC34-29BB4EA24502}"
EndProject
Global
	GlobalSection(SolutionConfigurationPlatforms) = preSolution
		Debug|Any CPU = Debug|Any CPU
		Release|Any CPU = Release|Any CPU
	EndGlobalSection
	GlobalSection(ProjectConfigurationPlatforms) = postSolution
		{49FCF3FB-E5A1-4305-AC34-29BB4EA24502}.Debug|Any CPU.ActiveCfg = Debug|Any CPU
		{49FCF3FB-E5A1-4305-AC34-29BB4EA24502}.Debug|Any CPU.Build.0 = Debug|Any CPU
		{49FCF3FB-E5A1-4305-AC34-29BB4EA24502}.Release|Any CPU.ActiveCfg = Release|Any CPU
		{49FCF3FB-E5A1-4305-AC34-29BB4EA24502}.Release|Any CPU.Build.0 = Release|Any CPU
	EndGlobalSection
	GlobalSection(SolutionProperties) = preSolution
		HideSolutionNode = FALSE
	EndGlobalSection
	GlobalSection(ExtensibilityGlobals) = postSolution
		SolutionGuid = {A1592BB4-6E91-4693-AA51-C78DBB783338}
	EndGlobalSection
EndGlobal
